<?xml version="1.0" encoding="utf-8"?>
<Project ToolsVersion="4.0" xmlns="http://schemas.microsoft.com/developer/msbuild/2003">
  <ItemGroup>
    <ClCompile Include="AnimationManager.cpp" />
    <ClCompile Include="AreneGo.cpp" />
    <ClCompile Include="BillBoardComponentManager.cpp" />
    <ClCompile Include="BillBoardManager.cpp" />
    <ClCompile Include="BusGo.cpp" />
    <ClCompile Include="ChargeurAssimp.cpp" />
    <ClCompile Include="DDSTextureLoader.cpp" />
    <ClCompile Include="DIManipulateur.cpp" />
    <ClCompile Include="dispositifD3D11.cpp" />
    <ClCompile Include="DynamicLight.cpp" />
    <ClCompile Include="EndState.cpp" />
    <ClCompile Include="GameState.cpp" />
    <ClCompile Include="GestionnaireDeTextures.cpp" />
    <ClCompile Include="InfoDispositif.cpp" />
    <ClCompile Include="InputComponent.cpp" />
    <ClCompile Include="InputManager.cpp" />
    <ClCompile Include="LightManager.cpp" />
    <ClCompile Include="MenuState.cpp" />
    <ClCompile Include="MeshManager.cpp" />
    <ClCompile Include="MonsterTruckGo.cpp" />
    <ClCompile Include="Moteur.cpp" />
    <ClCompile Include="MoteurWindows.cpp" />
    <ClCompile Include="PauseState.cpp" />
    <ClCompile Include="PetitMoteur3D.cpp" />
    <ClCompile Include="PhysicManager.cpp" />
    <ClCompile Include="PhysxVehicle.cpp" />
    <ClCompile Include="RenderManager.cpp" />
    <ClCompile Include="SimulationManager.cpp" />
    <ClCompile Include="SkyBoxGo.cpp" />
    <ClCompile Include="SpriteManager.cpp" />
    <ClCompile Include="State.cpp" />
    <ClCompile Include="StateStack.cpp" />
    <ClCompile Include="stdafx.cpp" />
    <ClCompile Include="TerrainGo.cpp" />
    <ClCompile Include="Texture.cpp" />
    <ClCompile Include="TunnelGo.cpp" />
    <ClCompile Include="Vehicle4WCreate.cpp" />
    <ClCompile Include="VehicleCreate.cpp" />
    <ClCompile Include="VehicleFilterShader.cpp" />
    <ClCompile Include="VehicleRaycast.cpp" />
    <ClCompile Include="VehicleTireFriction.cpp" />
    <ClCompile Include="WheelGo.cpp" />
    <ClCompile Include="CircusGo.cpp" />
    <ClCompile Include="Camera.cpp">
      <Filter>Camera</Filter>
    </ClCompile>
    <ClCompile Include="CameraManager.cpp">
      <Filter>Camera</Filter>
    </ClCompile>
    <ClCompile Include="DynamicCamera.cpp">
      <Filter>Camera</Filter>
    </ClCompile>
    <ClCompile Include="FirstPersonCamera.cpp">
      <Filter>Camera</Filter>
    </ClCompile>
    <ClCompile Include="PlayerCamera.cpp">
      <Filter>Camera</Filter>
    </ClCompile>
    <ClCompile Include="CrateGo.cpp">
      <Filter>Crate</Filter>
    </ClCompile>
    <ClCompile Include="FlottingCrateGo.cpp">
      <Filter>Crate</Filter>
    </ClCompile>
    <ClCompile Include="ExplodedBox.cpp">
      <Filter>Crate</Filter>
    </ClCompile>
    <ClCompile Include="MiniCrateGo.cpp">
      <Filter>Crate</Filter>
    </ClCompile>
  </ItemGroup>
  <ItemGroup>
    <ClInclude Include="AnimationComponent.h" />
    <ClInclude Include="AnimationManager.h" />
    <ClInclude Include="AreneGo.h" />
    <ClInclude Include="BillBoardComponent.h" />
    <ClInclude Include="BillBoardComponentManager.h" />
    <ClInclude Include="BillBoardManager.h" />
    <ClInclude Include="BlackBoard.h" />
    <ClInclude Include="BusGo.h" />
    <ClInclude Include="chargeur.h" />
    <ClInclude Include="ChargeurAssimp.h" />
    <ClInclude Include="Component.h" />
    <ClInclude Include="DIManipulateur.h" />
    <ClInclude Include="dispositif.h" />
    <ClInclude Include="dispositifD3D11.h" />
    <ClInclude Include="DynamicLight.h" />
    <ClInclude Include="CallBackManager.h" />
    <ClInclude Include="EndState.h" />
    <ClInclude Include="GameObject.h" />
    <ClInclude Include="GameState.h" />
    <ClInclude Include="GestionnaireDeTextures.h" />
    <ClInclude Include="ICollisionHandler.h" />
    <ClInclude Include="InfoDispositif.h" />
    <ClInclude Include="Light.h" />
    <ClInclude Include="LightManager.h" />
    <ClInclude Include="MenuState.h" />
    <ClInclude Include="MeshManager.h" />
    <ClInclude Include="PauseState.h" />
    <ClInclude Include="PhysxVehicle.h" />
    <ClInclude Include="Print.h" />
    <ClInclude Include="PVD.h" />
    <ClInclude Include="SkyBoxGo.h" />
    <ClInclude Include="SpawnManager.h" />
    <ClInclude Include="SpriteManager.h" />
    <ClInclude Include="State.h" />
    <ClInclude Include="StateIdentifiers.h" />
    <ClInclude Include="StateStack.h" />
    <ClInclude Include="TerrainGo.h" />
    <ClInclude Include="MonsterTruckGo.h" />
    <ClInclude Include="Moteur.h" />
    <ClInclude Include="MoteurWindows.h" />
    <ClInclude Include="PetitMoteur3D.h" />
    <ClInclude Include="PhysicComponent.h" />
    <ClInclude Include="PhysicManager.h" />
    <ClInclude Include="InputComponent.h" />
    <ClInclude Include="InputManager.h" />
    <ClInclude Include="PxPhysicsAPI.forward.h" />
    <ClInclude Include="RenderComponent.h" />
    <ClInclude Include="RenderManager.h" />
    <ClInclude Include="Resource.h" />
    <ClInclude Include="SimulationManager.h" />
    <ClInclude Include="stdafx.h" />
    <ClInclude Include="Texture.h" />
    <ClInclude Include="TunnelGo.h" />
    <ClInclude Include="util.h" />
    <ClInclude Include="VehicleCreate.h" />
    <ClInclude Include="VehicleFilterShader.h" />
    <ClInclude Include="VehicleRaycast.h" />
    <ClInclude Include="VehicleTireFriction.h" />
    <ClInclude Include="wheelGo.h" />
    <ClInclude Include="CircusGo.h" />
    <ClInclude Include="Camera.h">
      <Filter>Camera</Filter>
    </ClInclude>
    <ClInclude Include="CameraManager.h">
      <Filter>Camera</Filter>
    </ClInclude>
    <ClInclude Include="DynamicCamera.h">
      <Filter>Camera</Filter>
    </ClInclude>
    <ClInclude Include="FirstPersonCamera.h">
      <Filter>Camera</Filter>
    </ClInclude>
    <ClInclude Include="PlayerCamera.h">
      <Filter>Camera</Filter>
    </ClInclude>
    <ClInclude Include="CrateGo.h">
      <Filter>Crate</Filter>
    </ClInclude>
    <ClInclude Include="FlottingCrateGo.h">
      <Filter>Crate</Filter>
    </ClInclude>
    <ClInclude Include="ExplodedBox.h">
      <Filter>Crate</Filter>
    </ClInclude>
    <ClInclude Include="MiniCrateGo.h">
      <Filter>Crate</Filter>
    </ClInclude>
  </ItemGroup>
  <ItemGroup>
    <ResourceCompile Include="PetitMoteur3D.rc" />
  </ItemGroup>
  <ItemGroup>
    <None Include="PetitMoteur3D.ico" />
    <None Include="small.ico" />
    <None Include="ReadMe.txt" />
  </ItemGroup>
  <ItemGroup>
    <Filter Include="Camera">
      <UniqueIdentifier>{a526e169-218b-4019-941b-b61f7b1aeb26}</UniqueIdentifier>
    </Filter>
    <Filter Include="Crate">
      <UniqueIdentifier>{3a1a446c-5c49-4376-a4e5-1da944ecf3ae}</UniqueIdentifier>
    </Filter>
  </ItemGroup>
</Project>