
Microsoft Visual Studio Solution File, Format Version 12.00
# Visual Studio 15
VisualStudioVersion = 15.0.26730.12
MinimumVisualStudioVersion = 10.0.40219.1
Project("{8BC9CEB8-8B4A-11D0-8D11-00A0C91BC942}") = "OutilAssimp", "PetitMoteur3D\OutilAssimp.vcxproj", "{B1AC268F-1A62-419D-B42D-E4A2796160CF}"
EndProject
Global
	GlobalSection(SolutionConfigurationPlatforms) = preSolution
		Debug|Win32 = Debug|Win32
		Release|Win32 = Release|Win32
	EndGlobalSection
	GlobalSection(ProjectConfigurationPlatforms) = postSolution
		{B1AC268F-1A62-419D-B42D-E4A2796160CF}.Debug|Win32.ActiveCfg = Debug|Win32
		{B1AC268F-1A62-419D-B42D-E4A2796160CF}.Debug|Win32.Build.0 = Debug|Win32
		{B1AC268F-1A62-419D-B42D-E4A2796160CF}.Release|Win32.ActiveCfg = Release|Win32
		{B1AC268F-1A62-419D-B42D-E4A2796160CF}.Release|Win32.Build.0 = Release|Win32
	EndGlobalSection
	GlobalSection(SolutionProperties) = preSolution
		HideSolutionNode = FALSE
	EndGlobalSection
	GlobalSection(ExtensibilityGlobals) = postSolution
		SolutionGuid = {B692D99B-6CC7-4AF9-A14C-22CDB9EB84CC}
	EndGlobalSection
EndGlobal
